[[dependencies]]
name = "@openzeppelin-contracts"
version = "5.4.0"
url = "https://soldeer-revisions.s3.amazonaws.com/@openzeppelin-contracts/5_4_0_19-07-2025_08:59:41_contracts.zip"
checksum = "3dd38f17610dba4602bd008ee2cb551e51e97d7b4ce04e1ffdf853da832942fa"
integrity = "4eb0ef219d10ab5a5708adaae1132dc0a93ab6a193378486e842d606c989ff3e"

[[dependencies]]
name = "forge-std"
version = "1.9.7"
url = "https://soldeer-revisions.s3.amazonaws.com/forge-std/1_9_7_28-04-2025_15:55:08_forge-std-1.9.zip"
checksum = "8d9e0a885fa8ee6429a4d344aeb6799119f6a94c7c4fe6f188df79b0dce294ba"
integrity = "9e60fdba82bc374df80db7f2951faff6467b9091873004a3d314cf0c084b3c7d"
