[[dependencies]]
name = "@openzeppelin-contracts"
version = "5.3.0"
url = "https://soldeer-revisions.s3.amazonaws.com/@openzeppelin-contracts/5_3_0_10-04-2025_10:51:50_contracts.zip"
checksum = "fa2bc3db351137c4d5eb32b738a814a541b78e87fbcbfeca825e189c4c787153"
integrity = "d69addf252dfe0688dcd893a7821cbee2421f8ce53d95ca0845a59530043cfd1"

[[dependencies]]
name = "forge-std"
version = "1.9.7"
url = "https://soldeer-revisions.s3.amazonaws.com/forge-std/1_9_7_28-04-2025_15:55:08_forge-std-1.9.zip"
checksum = "8d9e0a885fa8ee6429a4d344aeb6799119f6a94c7c4fe6f188df79b0dce294ba"
integrity = "9e60fdba82bc374df80db7f2951faff6467b9091873004a3d314cf0c084b3c7d"

[[dependencies]]
name = "solady"
version = "0.1.23"
url = "https://soldeer-revisions.s3.amazonaws.com/solady/0_1_23_28-06-2025_06:50:48_solady.zip"
checksum = "e8f594a2696dab8138f1f1cfa93c0509fa6a5b73cef11b709bbdfa9852268987"
integrity = "7db571166909e31f70c1e66d1c9c31e499398d14e7f59073ae09d4938d42f984"
